<?xml version="1.0" encoding="utf-8"?>
<Project ToolsVersion="18.0" xmlns="http://schemas.microsoft.com/developer/msbuild/2003">
  <ItemGroup>
    <CustomBuild Include="G:\Workphone\project_network_contracts\CMakeFiles\895ca105a4766b48476a2a1f3fd3ab47\RUN_TESTS_force.rule">
      <Filter>CMake Rules</Filter>
    </CustomBuild>
  </ItemGroup>
  <ItemGroup>
    <Filter Include="CMake Rules">
      <UniqueIdentifier>{B7711B39-F1F1-3315-A672-8E3421B83A3B}</UniqueIdentifier>
    </Filter>
  </ItemGroup>
</Project>
