<?xml version="1.0" encoding="utf-8"?>
<Project ToolsVersion="18.0" xmlns="http://schemas.microsoft.com/developer/msbuild/2003">
  <ItemGroup>
    <ClCompile Include="G:\Workphone\Tests\NetworkProduction\NativeNetworkTests.c">
      <Filter>Source Files</Filter>
    </ClCompile>
  </ItemGroup>
  <ItemGroup>
    <CustomBuild Include="G:\Workphone\Tests\NetworkProduction\CMakeLists.txt" />
  </ItemGroup>
  <ItemGroup>
    <Filter Include="Source Files">
      <UniqueIdentifier>{B4D993F2-AB18-398C-A486-62D074007EDC}</UniqueIdentifier>
    </Filter>
  </ItemGroup>
</Project>
